
Microsoft Visual Studio Solution File, Format Version 12.00
# Visual Studio Version 17
VisualStudioVersion = 17.0.31903.59
MinimumVisualStudioVersion = 10.0.40219.1
Project("{9A19103F-16F7-4668-BE54-9A1E7A4F7556}") = "DropboxApiClient", "DropboxApiClient\DropboxApiClient.csproj", "{40D27675-6497-47C8-9260-03136EE06D4A}"
EndProject
Project("{9A19103F-16F7-4668-BE54-9A1E7A4F7556}") = "StripeApiClient", "StripeClient\StripeApiClient.csproj", "{536DA483-660D-47F5-923C-83F4A4A16E5B}"
EndProject
Project("{FAE04EC0-301F-11D3-BF4B-00C04F79EFBC}") = "iText7Pdf", "iTextPdf\iText7Pdf.csproj", "{24B052EE-69DD-4A1F-B39A-F86C04A2A7E9}"
EndProject
Global
	GlobalSection(SolutionConfigurationPlatforms) = preSolution
		Debug|Any CPU = Debug|Any CPU
		Release|Any CPU = Release|Any CPU
	EndGlobalSection
	GlobalSection(ProjectConfigurationPlatforms) = postSolution
		{40D27675-6497-47C8-9260-03136EE06D4A}.Debug|Any CPU.ActiveCfg = Debug|Any CPU
		{40D27675-6497-47C8-9260-03136EE06D4A}.Debug|Any CPU.Build.0 = Debug|Any CPU
		{40D27675-6497-47C8-9260-03136EE06D4A}.Release|Any CPU.ActiveCfg = Release|Any CPU
		{40D27675-6497-47C8-9260-03136EE06D4A}.Release|Any CPU.Build.0 = Release|Any CPU
		{536DA483-660D-47F5-923C-83F4A4A16E5B}.Debug|Any CPU.ActiveCfg = Debug|Any CPU
		{536DA483-660D-47F5-923C-83F4A4A16E5B}.Debug|Any CPU.Build.0 = Debug|Any CPU
		{536DA483-660D-47F5-923C-83F4A4A16E5B}.Release|Any CPU.ActiveCfg = Release|Any CPU
		{536DA483-660D-47F5-923C-83F4A4A16E5B}.Release|Any CPU.Build.0 = Release|Any CPU
		{24B052EE-69DD-4A1F-B39A-F86C04A2A7E9}.Debug|Any CPU.ActiveCfg = Debug|Any CPU
		{24B052EE-69DD-4A1F-B39A-F86C04A2A7E9}.Debug|Any CPU.Build.0 = Debug|Any CPU
		{24B052EE-69DD-4A1F-B39A-F86C04A2A7E9}.Release|Any CPU.ActiveCfg = Release|Any CPU
		{24B052EE-69DD-4A1F-B39A-F86C04A2A7E9}.Release|Any CPU.Build.0 = Release|Any CPU
	EndGlobalSection
	GlobalSection(SolutionProperties) = preSolution
		HideSolutionNode = FALSE
	EndGlobalSection
	GlobalSection(ExtensibilityGlobals) = postSolution
		SolutionGuid = {BE953194-7B7A-46F3-87BF-7AEE41496ADA}
	EndGlobalSection
EndGlobal
